// !$*UTF8*$!
{
	archiveVersion = 1;
	classes = {
	};
	objectVersion = 46;
	objects = {

/* Begin PBXBuildFile section */
		FE2730811DF6663D005FBA54 /* main.m in Sources */ = {isa = PBXBuildFile; fileRef = FE2730801DF6663D005FBA54 /* main.m */; };
		FE2730841DF6663D005FBA54 /* AppDelegate.m in Sources */ = {isa = PBXBuildFile; fileRef = FE2730831DF6663D005FBA54 /* AppDelegate.m */; };
		FE2730871DF6663D005FBA54 /* ViewController.m in Sources */ = {isa = PBXBuildFile; fileRef = FE2730861DF6663D005FBA54 /* ViewController.m */; };
		FE27308A1DF6663D005FBA54 /* Main.storyboard in Resources */ = {isa = PBXBuildFile; fileRef = FE2730881DF6663D005FBA54 /* Main.storyboard */; };
		FE27308C1DF6663D005FBA54 /* Assets.xcassets in Resources */ = {isa = PBXBuildFile; fileRef = FE27308B1DF6663D005FBA54 /* Assets.xcassets */; };
		FE27308F1DF6663D005FBA54 /* LaunchScreen.storyboard in Resources */ = {isa = PBXBuildFile; fileRef = FE27308D1DF6663D005FBA54 /* LaunchScreen.storyboard */; };
/* End PBXBuildFile section */

/* Begin PBXFileReference section */
		FE27307C1DF6663D005FBA54 /* HelloObjC.app */ = {isa = PBXFileReference; explicitFileType = wrapper.application; includeInIndex = 0; path = HelloObjC.app; sourceTree = BUILT_PRODUCTS_DIR; };
		FE2730801DF6663D005FBA54 /* main.m */ = {isa = PBXFileReference; lastKnownFileType = sourcecode.c.objc; path = main.m; sourceTree = "<group>"; };
		FE2730821DF6663D005FBA54 /* AppDelegate.h */ = {isa = PBXFileReference; lastKnownFileType = sourcecode.c.h; path = AppDelegate.h; sourceTree = "<group>"; };
		FE2730831DF6663D005FBA54 /* AppDelegate.m */ = {isa = PBXFileReference; lastKnownFileType = sourcecode.c.objc; path = AppDelegate.m; sourceTree = "<group>"; };
		FE2730851DF6663D005FBA54 /* ViewController.h */ = {isa = PBXFileReference; lastKnownFileType = sourcecode.c.h; path = ViewController.h; sourceTree = "<group>"; };
		FE2730861DF6663D005FBA54 /* ViewController.m */ = {isa = PBXFileReference; lastKnownFileType = sourcecode.c.objc; path = ViewController.m; sourceTree = "<group>"; };
		FE2730891DF6663D005FBA54 /* Base */ = {isa = PBXFileReference; lastKnownFileType = file.storyboard; name = Base; path = Base.lproj/Main.storyboard; sourceTree = "<group>"; };
		FE27308B1DF6663D005FBA54 /* Assets.xcassets */ = {isa = PBXFileReference; lastKnownFileType = folder.assetcatalog; path = Assets.xcassets; sourceTree = "<group>"; };
		FE27308E1DF6663D005FBA54 /* Base */ = {isa = PBXFileReference; lastKnownFileType = file.storyboard; name = Base; path = Base.lproj/LaunchScreen.storyboard; sourceTree = "<group>"; };
		FE2730901DF6663D005FBA54 /* Info.plist */ = {isa = PBXFileReference; lastKnownFileType = text.plist.xml; path = Info.plist; sourceTree = "<group>"; };
/* End PBXFileReference section */

/* Begin PBXFrameworksBuildPhase section */
		FE2730791DF6663C005FBA54 /* Frameworks */ = {
			isa = PBXFrameworksBuildPhase;
			buildActionMask = 2147483647;
			files = (
			);
			runOnlyForDeploymentPostprocessing = 0;
		};
/* End PBXFrameworksBuildPhase section */

/* Begin PBXGroup section */
		FE2730731DF6663C005FBA54 = {
			isa = PBXGroup;
			children = (
				FE27307E1DF6663D005FBA54 /* HelloObjC */,
				FE27307D1DF6663D005FBA54 /* Products */,
			);
			sourceTree = "<group>";
		};
		FE27307D1DF6663D005FBA54 /* Products */ = {
			isa = PBXGroup;
			children = (
				FE27307C1DF6663D005FBA54 /* HelloObjC.app */,
			);
			name = Products;
			sourceTree = "<group>";
		};
		FE27307E1DF6663D005FBA54 /* HelloObjC */ = {
			isa = PBXGroup;
			children = (
				FE2730821DF6663D005FBA54 /* AppDelegate.h */,
				FE2730831DF6663D005FBA54 /* AppDelegate.m */,
				FE2730851DF6663D005FBA54 /* ViewController.h */,
				FE2730861DF6663D005FBA54 /* ViewController.m */,
				FE2730881DF6663D005FBA54 /* Main.storyboard */,
				FE27308B1DF6663D005FBA54 /* Assets.xcassets */,
				FE27308D1DF6663D005FBA54 /* LaunchScreen.storyboard */,
				FE2730901DF6663D005FBA54 /* Info.plist */,
				FE27307F1DF6663D005FBA54 /* Supporting Files */,
			);
			path = HelloObjC;
			sourceTree = "<group>";
		};
		FE27307F1DF6663D005FBA54 /* Supporting Files */ = {
			isa = PBXGroup;
			children = (
				FE2730801DF6663D005FBA54 /* main.m */,
			);
			name = "Supporting Files";
			sourceTree = "<group>";
		};
/* End PBXGroup section */

/* Begin PBXNativeTarget section */
		FE27307B1DF6663C005FBA54 /* HelloObjC */ = {
			isa = PBXNativeTarget;
			buildConfigurationList = FE2730931DF6663D005FBA54 /* Build configuration list for PBXNativeTarget "HelloObjC" */;
			buildPhases = (
				FE2730781DF6663C005FBA54 /* Sources */,
				FE2730791DF6663C005FBA54 /* Frameworks */,
				FE27307A1DF6663C005FBA54 /* Resources */,
			);
			buildRules = (
			);
			dependencies = (
			);
			name = HelloObjC;
			productName = HelloObjC;
			productReference = FE27307C1DF6663D005FBA54 /* HelloObjC.app */;
			productType = "com.apple.product-type.application";
		};
/* End PBXNativeTarget section */

/* Begin PBXProject section */
		FE2730741DF6663C005FBA54 /* Project object */ = {
			isa = PBXProject;
			attributes = {
				LastUpgradeCheck = 0810;
				ORGANIZATIONNAME = PomHaffs;
				TargetAttributes = {
					FE27307B1DF6663C005FBA54 = {
						CreatedOnToolsVersion = 8.1;
						DevelopmentTeam = 37N4597A88;
						ProvisioningStyle = Automatic;
					};
				};
			};
			buildConfigurationList = FE2730771DF6663C005FBA54 /* Build configuration list for PBXProject "HelloObjC" */;
			compatibilityVersion = "Xcode 3.2";
			developmentRegion = English;
			hasScannedForEncodings = 0;
			knownRegions = (
				en,
				Base,
			);
			mainGroup = FE2730731DF6663C005FBA54;
			productRefGroup = FE27307D1DF6663D005FBA54 /* Products */;
			projectDirPath = "";
			projectRoot = "";
			targets = (
				FE27307B1DF6663C005FBA54 /* HelloObjC */,
			);
		};
/* End PBXProject section */

/* Begin PBXResourcesBuildPhase section */
		FE27307A1DF6663C005FBA54 /* Resources */ = {
			isa = PBXResourcesBuildPhase;
			buildActionMask = 2147483647;
			files = (
				FE27308F1DF6663D005FBA54 /* LaunchScreen.storyboard in Resources */,
				FE27308C1DF6663D005FBA54 /* Assets.xcassets in Resources */,
				FE27308A1DF6663D005FBA54 /* Main.storyboard in Resources */,
			);
			runOnlyForDeploymentPostprocessing = 0;
		};
/* End PBXResourcesBuildPhase section */

/* Begin PBXSourcesBuildPhase section */
		FE2730781DF6663C005FBA54 /* Sources */ = {
			isa = PBXSourcesBuildPhase;
			buildActionMask = 2147483647;
			files = (
				FE2730871DF6663D005FBA54 /* ViewController.m in Sources */,
				FE2730841DF6663D005FBA54 /* AppDelegate.m in Sources */,
				FE2730811DF6663D005FBA54 /* main.m in Sources */,
			);
			runOnlyForDeploymentPostprocessing = 0;
		};
/* End PBXSourcesBuildPhase section */

/* Begin PBXVariantGroup section */
		FE2730881DF6663D005FBA54 /* Main.storyboard */ = {
			isa = PBXVariantGroup;
			children = (
				FE2730891DF6663D005FBA54 /* Base */,
			);
			name = Main.storyboard;
			sourceTree = "<group>";
		};
		FE27308D1DF6663D005FBA54 /* LaunchScreen.storyboard */ = {
			isa = PBXVariantGroup;
			children = (
				FE27308E1DF6663D005FBA54 /* Base */,
			);
			name = LaunchScreen.storyboard;
			sourceTree = "<group>";
		};
/* End PBXVariantGroup section */

/* Begin XCBuildConfiguration section */
		FE2730911DF6663D005FBA54 /* Debug */ = {
			isa = XCBuildConfiguration;
			buildSettings = {
				ALWAYS_SEARCH_USER_PATHS = NO;
				CLANG_ANALYZER_NONNULL = YES;
				CLANG_CXX_LANGUAGE_STANDARD = "gnu++0x";
				CLANG_CXX_LIBRARY = "libc++";
				CLANG_ENABLE_MODULES = YES;
				CLANG_ENABLE_OBJC_ARC = YES;
				CLANG_WARN_BOOL_CONVERSION = YES;
				CLANG_WARN_CONSTANT_CONVERSION = YES;
				CLANG_WARN_DIRECT_OBJC_ISA_USAGE = YES_ERROR;
				CLANG_WARN_DOCUMENTATION_COMMENTS = YES;
				CLANG_WARN_EMPTY_BODY = YES;
				CLANG_WARN_ENUM_CONVERSION = YES;
				CLANG_WARN_INFINITE_RECURSION = YES;
				CLANG_WARN_INT_CONVERSION = YES;
				CLANG_WARN_OBJC_ROOT_CLASS = YES_ERROR;
				CLANG_WARN_SUSPICIOUS_MOVES = YES;
				CLANG_WARN_UNREACHABLE_CODE = YES;
				CLANG_WARN__DUPLICATE_METHOD_MATCH = YES;
				"CODE_SIGN_IDENTITY[sdk=iphoneos*]" = "iPhone Developer";
				COPY_PHASE_STRIP = NO;
				DEBUG_INFORMATION_FORMAT = dwarf;
				ENABLE_STRICT_OBJC_MSGSEND = YES;
				ENABLE_TESTABILITY = YES;
				GCC_C_LANGUAGE_STANDARD = gnu99;
				GCC_DYNAMIC_NO_PIC = NO;
				GCC_NO_COMMON_BLOCKS = YES;
				GCC_OPTIMIZATION_LEVEL = 0;
				GCC_PREPROCESSOR_DEFINITIONS = (
					"DEBUG=1",
					"$(inherited)",
				);
				GCC_WARN_64_TO_32_BIT_CONVERSION = YES;
				GCC_WARN_ABOUT_RETURN_TYPE = YES_ERROR;
				GCC_WARN_UNDECLARED_SELECTOR = YES;
				GCC_WARN_UNINITIALIZED_AUTOS = YES_AGGRESSIVE;
				GCC_WARN_UNUSED_FUNCTION = YES;
				GCC_WARN_UNUSED_VARIABLE = YES;
				IPHONEOS_DEPLOYMENT_TARGET = 10.1;
				MTL_ENABLE_DEBUG_INFO = YES;
				ONLY_ACTIVE_ARCH = YES;
				SDKROOT = iphoneos;
				TARGETED_DEVICE_FAMILY = "1,2";
			};
			name = Debug;
		};
		FE2730921DF6663D005FBA54 /* Release */ = {
			isa = XCBuildConfiguration;
			buildSettings = {
				ALWAYS_SEARCH_USER_PATHS = NO;
				CLANG_ANALYZER_NONNULL = YES;
				CLANG_CXX_LANGUAGE_STANDARD = "gnu++0x";
				CLANG_CXX_LIBRARY = "libc++";
				CLANG_ENABLE_MODULES = YES;
				CLANG_ENABLE_OBJC_ARC = YES;
				CLANG_WARN_BOOL_CONVERSION = YES;
				CLANG_WARN_CONSTANT_CONVERSION = YES;
				CLANG_WARN_DIRECT_OBJC_ISA_USAGE = YES_ERROR;
				CLANG_WARN_DOCUMENTATION_COMMENTS = YES;
				CLANG_WARN_EMPTY_BODY = YES;
				CLANG_WARN_ENUM_CONVERSION = YES;
				CLANG_WARN_INFINITE_RECURSION = YES;
				CLANG_WARN_INT_CONVERSION = YES;
				CLANG_WARN_OBJC_ROOT_CLASS = YES_ERROR;
				CLANG_WARN_SUSPICIOUS_MOVES = YES;
				CLANG_WARN_UNREACHABLE_CODE = YES;
				CLANG_WARN__DUPLICATE_METHOD_MATCH = YES;
				"CODE_SIGN_IDENTITY[sdk=iphoneos*]" = "iPhone Developer";
				COPY_PHASE_STRIP = NO;
				DEBUG_INFORMATION_FORMAT = "dwarf-with-dsym";
				ENABLE_NS_ASSERTIONS = NO;
				ENABLE_STRICT_OBJC_MSGSEND = YES;
				GCC_C_LANGUAGE_STANDARD = gnu99;
				GCC_NO_COMMON_BLOCKS = YES;
				GCC_WARN_64_TO_32_BIT_CONVERSION = YES;
				GCC_WARN_ABOUT_RETURN_TYPE = YES_ERROR;
				GCC_WARN_UNDECLARED_SELECTOR = YES;
				GCC_WARN_UNINITIALIZED_AUTOS = YES_AGGRESSIVE;
				GCC_WARN_UNUSED_FUNCTION = YES;
				GCC_WARN_UNUSED_VARIABLE = YES;
				IPHONEOS_DEPLOYMENT_TARGET = 10.1;
				MTL_ENABLE_DEBUG_INFO = NO;
				SDKROOT = iphoneos;
				TARGETED_DEVICE_FAMILY = "1,2";
				VALIDATE_PRODUCT = YES;
			};
			name = Release;
		};
		FE2730941DF6663D005FBA54 /* Debug */ = {
			isa = XCBuildConfiguration;
			buildSettings = {
				ASSETCATALOG_COMPILER_APPICON_NAME = AppIcon;
				DEVELOPMENT_TEAM = 37N4597A88;
				INFOPLIST_FILE = HelloObjC/Info.plist;
				LD_RUNPATH_SEARCH_PATHS = "$(inherited) @executable_path/Frameworks";
				PRODUCT_BUNDLE_IDENTIFIER = PomHaffs.HelloObjC;
				PRODUCT_NAME = "$(TARGET_NAME)";
			};
			name = Debug;
		};
		FE2730951DF6663D005FBA54 /* Release */ = {
			isa = XCBuildConfiguration;
			buildSettings = {
				ASSETCATALOG_COMPILER_APPICON_NAME = AppIcon;
				DEVELOPMENT_TEAM = 37N4597A88;
				INFOPLIST_FILE = HelloObjC/Info.plist;
				LD_RUNPATH_SEARCH_PATHS = "$(inherited) @executable_path/Frameworks";
				PRODUCT_BUNDLE_IDENTIFIER = PomHaffs.HelloObjC;
				PRODUCT_NAME = "$(TARGET_NAME)";
			};
			name = Release;
		};
/* End XCBuildConfiguration section */

/* Begin XCConfigurationList section */
		FE2730771DF6663C005FBA54 /* Build configuration list for PBXProject "HelloObjC" */ = {
			isa = XCConfigurationList;
			buildConfigurations = (
				FE2730911DF6663D005FBA54 /* Debug */,
				FE2730921DF6663D005FBA54 /* Release */,
			);
			defaultConfigurationIsVisible = 0;
			defaultConfigurationName = Release;
		};
		FE2730931DF6663D005FBA54 /* Build configuration list for PBXNativeTarget "HelloObjC" */ = {
			isa = XCConfigurationList;
			buildConfigurations = (
				FE2730941DF6663D005FBA54 /* Debug */,
				FE2730951DF6663D005FBA54 /* Release */,
			);
			defaultConfigurationIsVisible = 0;
		};
/* End XCConfigurationList section */
	};
	rootObject = FE2730741DF6663C005FBA54 /* Project object */;
}
