// !$*UTF8*$!
{
	archiveVersion = 1;
	classes = {
	};
	objectVersion = 46;
	objects = {

/* Begin PBXBuildFile section */
		FE2732571DF8DB79005FBA54 /* main.m in Sources */ = {isa = PBXBuildFile; fileRef = FE2732561DF8DB79005FBA54 /* main.m */; };
		FE27325A1DF8DB79005FBA54 /* AppDelegate.m in Sources */ = {isa = PBXBuildFile; fileRef = FE2732591DF8DB79005FBA54 /* AppDelegate.m */; };
		FE27325D1DF8DB79005FBA54 /* ViewController.m in Sources */ = {isa = PBXBuildFile; fileRef = FE27325C1DF8DB79005FBA54 /* ViewController.m */; };
		FE2732601DF8DB79005FBA54 /* Main.storyboard in Resources */ = {isa = PBXBuildFile; fileRef = FE27325E1DF8DB79005FBA54 /* Main.storyboard */; };
		FE2732621DF8DB79005FBA54 /* Assets.xcassets in Resources */ = {isa = PBXBuildFile; fileRef = FE2732611DF8DB79005FBA54 /* Assets.xcassets */; };
		FE2732651DF8DB79005FBA54 /* LaunchScreen.storyboard in Resources */ = {isa = PBXBuildFile; fileRef = FE2732631DF8DB79005FBA54 /* LaunchScreen.storyboard */; };
		FE27326E1DF8DD70005FBA54 /* Person.m in Sources */ = {isa = PBXBuildFile; fileRef = FE27326D1DF8DD70005FBA54 /* Person.m */; };
		FE2732711DF8DD7C005FBA54 /* Backpack.m in Sources */ = {isa = PBXBuildFile; fileRef = FE2732701DF8DD7C005FBA54 /* Backpack.m */; };
		FE2732741DF8DEFC005FBA54 /* School.m in Sources */ = {isa = PBXBuildFile; fileRef = FE2732731DF8DEFC005FBA54 /* School.m */; };
/* End PBXBuildFile section */

/* Begin PBXFileReference section */
		FE2732521DF8DB79005FBA54 /* Obj-C - RetainCycles.app */ = {isa = PBXFileReference; explicitFileType = wrapper.application; includeInIndex = 0; path = "Obj-C - RetainCycles.app"; sourceTree = BUILT_PRODUCTS_DIR; };
		FE2732561DF8DB79005FBA54 /* main.m */ = {isa = PBXFileReference; lastKnownFileType = sourcecode.c.objc; path = main.m; sourceTree = "<group>"; };
		FE2732581DF8DB79005FBA54 /* AppDelegate.h */ = {isa = PBXFileReference; lastKnownFileType = sourcecode.c.h; path = AppDelegate.h; sourceTree = "<group>"; };
		FE2732591DF8DB79005FBA54 /* AppDelegate.m */ = {isa = PBXFileReference; lastKnownFileType = sourcecode.c.objc; path = AppDelegate.m; sourceTree = "<group>"; };
		FE27325B1DF8DB79005FBA54 /* ViewController.h */ = {isa = PBXFileReference; lastKnownFileType = sourcecode.c.h; path = ViewController.h; sourceTree = "<group>"; };
		FE27325C1DF8DB79005FBA54 /* ViewController.m */ = {isa = PBXFileReference; lastKnownFileType = sourcecode.c.objc; path = ViewController.m; sourceTree = "<group>"; };
		FE27325F1DF8DB79005FBA54 /* Base */ = {isa = PBXFileReference; lastKnownFileType = file.storyboard; name = Base; path = Base.lproj/Main.storyboard; sourceTree = "<group>"; };
		FE2732611DF8DB79005FBA54 /* Assets.xcassets */ = {isa = PBXFileReference; lastKnownFileType = folder.assetcatalog; path = Assets.xcassets; sourceTree = "<group>"; };
		FE2732641DF8DB79005FBA54 /* Base */ = {isa = PBXFileReference; lastKnownFileType = file.storyboard; name = Base; path = Base.lproj/LaunchScreen.storyboard; sourceTree = "<group>"; };
		FE2732661DF8DB79005FBA54 /* Info.plist */ = {isa = PBXFileReference; lastKnownFileType = text.plist.xml; path = Info.plist; sourceTree = "<group>"; };
		FE27326C1DF8DD70005FBA54 /* Person.h */ = {isa = PBXFileReference; fileEncoding = 4; lastKnownFileType = sourcecode.c.h; path = Person.h; sourceTree = "<group>"; };
		FE27326D1DF8DD70005FBA54 /* Person.m */ = {isa = PBXFileReference; fileEncoding = 4; lastKnownFileType = sourcecode.c.objc; path = Person.m; sourceTree = "<group>"; };
		FE27326F1DF8DD7C005FBA54 /* Backpack.h */ = {isa = PBXFileReference; fileEncoding = 4; lastKnownFileType = sourcecode.c.h; path = Backpack.h; sourceTree = "<group>"; };
		FE2732701DF8DD7C005FBA54 /* Backpack.m */ = {isa = PBXFileReference; fileEncoding = 4; lastKnownFileType = sourcecode.c.objc; path = Backpack.m; sourceTree = "<group>"; };
		FE2732721DF8DEFC005FBA54 /* School.h */ = {isa = PBXFileReference; fileEncoding = 4; lastKnownFileType = sourcecode.c.h; path = School.h; sourceTree = "<group>"; };
		FE2732731DF8DEFC005FBA54 /* School.m */ = {isa = PBXFileReference; fileEncoding = 4; lastKnownFileType = sourcecode.c.objc; path = School.m; sourceTree = "<group>"; };
/* End PBXFileReference section */

/* Begin PBXFrameworksBuildPhase section */
		FE27324F1DF8DB79005FBA54 /* Frameworks */ = {
			isa = PBXFrameworksBuildPhase;
			buildActionMask = 2147483647;
			files = (
			);
			runOnlyForDeploymentPostprocessing = 0;
		};
/* End PBXFrameworksBuildPhase section */

/* Begin PBXGroup section */
		FE2732491DF8DB78005FBA54 = {
			isa = PBXGroup;
			children = (
				FE2732541DF8DB79005FBA54 /* Obj-C - RetainCycles */,
				FE2732531DF8DB79005FBA54 /* Products */,
			);
			sourceTree = "<group>";
		};
		FE2732531DF8DB79005FBA54 /* Products */ = {
			isa = PBXGroup;
			children = (
				FE2732521DF8DB79005FBA54 /* Obj-C - RetainCycles.app */,
			);
			name = Products;
			sourceTree = "<group>";
		};
		FE2732541DF8DB79005FBA54 /* Obj-C - RetainCycles */ = {
			isa = PBXGroup;
			children = (
				FE2732581DF8DB79005FBA54 /* AppDelegate.h */,
				FE2732591DF8DB79005FBA54 /* AppDelegate.m */,
				FE27325B1DF8DB79005FBA54 /* ViewController.h */,
				FE27325C1DF8DB79005FBA54 /* ViewController.m */,
				FE27325E1DF8DB79005FBA54 /* Main.storyboard */,
				FE2732611DF8DB79005FBA54 /* Assets.xcassets */,
				FE2732631DF8DB79005FBA54 /* LaunchScreen.storyboard */,
				FE2732661DF8DB79005FBA54 /* Info.plist */,
				FE2732551DF8DB79005FBA54 /* Supporting Files */,
				FE27326C1DF8DD70005FBA54 /* Person.h */,
				FE27326D1DF8DD70005FBA54 /* Person.m */,
				FE27326F1DF8DD7C005FBA54 /* Backpack.h */,
				FE2732701DF8DD7C005FBA54 /* Backpack.m */,
				FE2732721DF8DEFC005FBA54 /* School.h */,
				FE2732731DF8DEFC005FBA54 /* School.m */,
			);
			path = "Obj-C - RetainCycles";
			sourceTree = "<group>";
		};
		FE2732551DF8DB79005FBA54 /* Supporting Files */ = {
			isa = PBXGroup;
			children = (
				FE2732561DF8DB79005FBA54 /* main.m */,
			);
			name = "Supporting Files";
			sourceTree = "<group>";
		};
/* End PBXGroup section */

/* Begin PBXNativeTarget section */
		FE2732511DF8DB79005FBA54 /* Obj-C - RetainCycles */ = {
			isa = PBXNativeTarget;
			buildConfigurationList = FE2732691DF8DB79005FBA54 /* Build configuration list for PBXNativeTarget "Obj-C - RetainCycles" */;
			buildPhases = (
				FE27324E1DF8DB79005FBA54 /* Sources */,
				FE27324F1DF8DB79005FBA54 /* Frameworks */,
				FE2732501DF8DB79005FBA54 /* Resources */,
			);
			buildRules = (
			);
			dependencies = (
			);
			name = "Obj-C - RetainCycles";
			productName = "Obj-C - RetainCycles";
			productReference = FE2732521DF8DB79005FBA54 /* Obj-C - RetainCycles.app */;
			productType = "com.apple.product-type.application";
		};
/* End PBXNativeTarget section */

/* Begin PBXProject section */
		FE27324A1DF8DB79005FBA54 /* Project object */ = {
			isa = PBXProject;
			attributes = {
				LastUpgradeCheck = 0810;
				ORGANIZATIONNAME = PomHaffs;
				TargetAttributes = {
					FE2732511DF8DB79005FBA54 = {
						CreatedOnToolsVersion = 8.1;
						DevelopmentTeam = 37N4597A88;
						ProvisioningStyle = Automatic;
					};
				};
			};
			buildConfigurationList = FE27324D1DF8DB79005FBA54 /* Build configuration list for PBXProject "Obj-C - RetainCycles" */;
			compatibilityVersion = "Xcode 3.2";
			developmentRegion = English;
			hasScannedForEncodings = 0;
			knownRegions = (
				en,
				Base,
			);
			mainGroup = FE2732491DF8DB78005FBA54;
			productRefGroup = FE2732531DF8DB79005FBA54 /* Products */;
			projectDirPath = "";
			projectRoot = "";
			targets = (
				FE2732511DF8DB79005FBA54 /* Obj-C - RetainCycles */,
			);
		};
/* End PBXProject section */

/* Begin PBXResourcesBuildPhase section */
		FE2732501DF8DB79005FBA54 /* Resources */ = {
			isa = PBXResourcesBuildPhase;
			buildActionMask = 2147483647;
			files = (
				FE2732651DF8DB79005FBA54 /* LaunchScreen.storyboard in Resources */,
				FE2732621DF8DB79005FBA54 /* Assets.xcassets in Resources */,
				FE2732601DF8DB79005FBA54 /* Main.storyboard in Resources */,
			);
			runOnlyForDeploymentPostprocessing = 0;
		};
/* End PBXResourcesBuildPhase section */

/* Begin PBXSourcesBuildPhase section */
		FE27324E1DF8DB79005FBA54 /* Sources */ = {
			isa = PBXSourcesBuildPhase;
			buildActionMask = 2147483647;
			files = (
				FE27325D1DF8DB79005FBA54 /* ViewController.m in Sources */,
				FE27325A1DF8DB79005FBA54 /* AppDelegate.m in Sources */,
				FE27326E1DF8DD70005FBA54 /* Person.m in Sources */,
				FE2732711DF8DD7C005FBA54 /* Backpack.m in Sources */,
				FE2732571DF8DB79005FBA54 /* main.m in Sources */,
				FE2732741DF8DEFC005FBA54 /* School.m in Sources */,
			);
			runOnlyForDeploymentPostprocessing = 0;
		};
/* End PBXSourcesBuildPhase section */

/* Begin PBXVariantGroup section */
		FE27325E1DF8DB79005FBA54 /* Main.storyboard */ = {
			isa = PBXVariantGroup;
			children = (
				FE27325F1DF8DB79005FBA54 /* Base */,
			);
			name = Main.storyboard;
			sourceTree = "<group>";
		};
		FE2732631DF8DB79005FBA54 /* LaunchScreen.storyboard */ = {
			isa = PBXVariantGroup;
			children = (
				FE2732641DF8DB79005FBA54 /* Base */,
			);
			name = LaunchScreen.storyboard;
			sourceTree = "<group>";
		};
/* End PBXVariantGroup section */

/* Begin XCBuildConfiguration section */
		FE2732671DF8DB79005FBA54 /* Debug */ = {
			isa = XCBuildConfiguration;
			buildSettings = {
				ALWAYS_SEARCH_USER_PATHS = NO;
				CLANG_ANALYZER_NONNULL = YES;
				CLANG_CXX_LANGUAGE_STANDARD = "gnu++0x";
				CLANG_CXX_LIBRARY = "libc++";
				CLANG_ENABLE_MODULES = YES;
				CLANG_ENABLE_OBJC_ARC = YES;
				CLANG_WARN_BOOL_CONVERSION = YES;
				CLANG_WARN_CONSTANT_CONVERSION = YES;
				CLANG_WARN_DIRECT_OBJC_ISA_USAGE = YES_ERROR;
				CLANG_WARN_DOCUMENTATION_COMMENTS = YES;
				CLANG_WARN_EMPTY_BODY = YES;
				CLANG_WARN_ENUM_CONVERSION = YES;
				CLANG_WARN_INFINITE_RECURSION = YES;
				CLANG_WARN_INT_CONVERSION = YES;
				CLANG_WARN_OBJC_ROOT_CLASS = YES_ERROR;
				CLANG_WARN_SUSPICIOUS_MOVES = YES;
				CLANG_WARN_UNREACHABLE_CODE = YES;
				CLANG_WARN__DUPLICATE_METHOD_MATCH = YES;
				"CODE_SIGN_IDENTITY[sdk=iphoneos*]" = "iPhone Developer";
				COPY_PHASE_STRIP = NO;
				DEBUG_INFORMATION_FORMAT = dwarf;
				ENABLE_STRICT_OBJC_MSGSEND = YES;
				ENABLE_TESTABILITY = YES;
				GCC_C_LANGUAGE_STANDARD = gnu99;
				GCC_DYNAMIC_NO_PIC = NO;
				GCC_NO_COMMON_BLOCKS = YES;
				GCC_OPTIMIZATION_LEVEL = 0;
				GCC_PREPROCESSOR_DEFINITIONS = (
					"DEBUG=1",
					"$(inherited)",
				);
				GCC_WARN_64_TO_32_BIT_CONVERSION = YES;
				GCC_WARN_ABOUT_RETURN_TYPE = YES_ERROR;
				GCC_WARN_UNDECLARED_SELECTOR = YES;
				GCC_WARN_UNINITIALIZED_AUTOS = YES_AGGRESSIVE;
				GCC_WARN_UNUSED_FUNCTION = YES;
				GCC_WARN_UNUSED_VARIABLE = YES;
				IPHONEOS_DEPLOYMENT_TARGET = 10.1;
				MTL_ENABLE_DEBUG_INFO = YES;
				ONLY_ACTIVE_ARCH = YES;
				SDKROOT = iphoneos;
				TARGETED_DEVICE_FAMILY = "1,2";
			};
			name = Debug;
		};
		FE2732681DF8DB79005FBA54 /* Release */ = {
			isa = XCBuildConfiguration;
			buildSettings = {
				ALWAYS_SEARCH_USER_PATHS = NO;
				CLANG_ANALYZER_NONNULL = YES;
				CLANG_CXX_LANGUAGE_STANDARD = "gnu++0x";
				CLANG_CXX_LIBRARY = "libc++";
				CLANG_ENABLE_MODULES = YES;
				CLANG_ENABLE_OBJC_ARC = YES;
				CLANG_WARN_BOOL_CONVERSION = YES;
				CLANG_WARN_CONSTANT_CONVERSION = YES;
				CLANG_WARN_DIRECT_OBJC_ISA_USAGE = YES_ERROR;
				CLANG_WARN_DOCUMENTATION_COMMENTS = YES;
				CLANG_WARN_EMPTY_BODY = YES;
				CLANG_WARN_ENUM_CONVERSION = YES;
				CLANG_WARN_INFINITE_RECURSION = YES;
				CLANG_WARN_INT_CONVERSION = YES;
				CLANG_WARN_OBJC_ROOT_CLASS = YES_ERROR;
				CLANG_WARN_SUSPICIOUS_MOVES = YES;
				CLANG_WARN_UNREACHABLE_CODE = YES;
				CLANG_WARN__DUPLICATE_METHOD_MATCH = YES;
				"CODE_SIGN_IDENTITY[sdk=iphoneos*]" = "iPhone Developer";
				COPY_PHASE_STRIP = NO;
				DEBUG_INFORMATION_FORMAT = "dwarf-with-dsym";
				ENABLE_NS_ASSERTIONS = NO;
				ENABLE_STRICT_OBJC_MSGSEND = YES;
				GCC_C_LANGUAGE_STANDARD = gnu99;
				GCC_NO_COMMON_BLOCKS = YES;
				GCC_WARN_64_TO_32_BIT_CONVERSION = YES;
				GCC_WARN_ABOUT_RETURN_TYPE = YES_ERROR;
				GCC_WARN_UNDECLARED_SELECTOR = YES;
				GCC_WARN_UNINITIALIZED_AUTOS = YES_AGGRESSIVE;
				GCC_WARN_UNUSED_FUNCTION = YES;
				GCC_WARN_UNUSED_VARIABLE = YES;
				IPHONEOS_DEPLOYMENT_TARGET = 10.1;
				MTL_ENABLE_DEBUG_INFO = NO;
				SDKROOT = iphoneos;
				TARGETED_DEVICE_FAMILY = "1,2";
				VALIDATE_PRODUCT = YES;
			};
			name = Release;
		};
		FE27326A1DF8DB79005FBA54 /* Debug */ = {
			isa = XCBuildConfiguration;
			buildSettings = {
				ASSETCATALOG_COMPILER_APPICON_NAME = AppIcon;
				DEVELOPMENT_TEAM = 37N4597A88;
				INFOPLIST_FILE = "Obj-C - RetainCycles/Info.plist";
				LD_RUNPATH_SEARCH_PATHS = "$(inherited) @executable_path/Frameworks";
				PRODUCT_BUNDLE_IDENTIFIER = "PomHaffs.Obj-C---RetainCycles";
				PRODUCT_NAME = "$(TARGET_NAME)";
			};
			name = Debug;
		};
		FE27326B1DF8DB79005FBA54 /* Release */ = {
			isa = XCBuildConfiguration;
			buildSettings = {
				ASSETCATALOG_COMPILER_APPICON_NAME = AppIcon;
				DEVELOPMENT_TEAM = 37N4597A88;
				INFOPLIST_FILE = "Obj-C - RetainCycles/Info.plist";
				LD_RUNPATH_SEARCH_PATHS = "$(inherited) @executable_path/Frameworks";
				PRODUCT_BUNDLE_IDENTIFIER = "PomHaffs.Obj-C---RetainCycles";
				PRODUCT_NAME = "$(TARGET_NAME)";
			};
			name = Release;
		};
/* End XCBuildConfiguration section */

/* Begin XCConfigurationList section */
		FE27324D1DF8DB79005FBA54 /* Build configuration list for PBXProject "Obj-C - RetainCycles" */ = {
			isa = XCConfigurationList;
			buildConfigurations = (
				FE2732671DF8DB79005FBA54 /* Debug */,
				FE2732681DF8DB79005FBA54 /* Release */,
			);
			defaultConfigurationIsVisible = 0;
			defaultConfigurationName = Release;
		};
		FE2732691DF8DB79005FBA54 /* Build configuration list for PBXNativeTarget "Obj-C - RetainCycles" */ = {
			isa = XCConfigurationList;
			buildConfigurations = (
				FE27326A1DF8DB79005FBA54 /* Debug */,
				FE27326B1DF8DB79005FBA54 /* Release */,
			);
			defaultConfigurationIsVisible = 0;
		};
/* End XCConfigurationList section */
	};
	rootObject = FE27324A1DF8DB79005FBA54 /* Project object */;
}
