// !$*UTF8*$!
{
	archiveVersion = 1;
	classes = {
	};
	objectVersion = 46;
	objects = {

/* Begin PBXBuildFile section */
		FE2732CC1DF8FC6A005FBA54 /* main.m in Sources */ = {isa = PBXBuildFile; fileRef = FE2732CB1DF8FC6A005FBA54 /* main.m */; };
		FE2732CF1DF8FC6A005FBA54 /* AppDelegate.m in Sources */ = {isa = PBXBuildFile; fileRef = FE2732CE1DF8FC6A005FBA54 /* AppDelegate.m */; };
		FE2732D21DF8FC6A005FBA54 /* ViewController.m in Sources */ = {isa = PBXBuildFile; fileRef = FE2732D11DF8FC6A005FBA54 /* ViewController.m */; };
		FE2732D51DF8FC6A005FBA54 /* Main.storyboard in Resources */ = {isa = PBXBuildFile; fileRef = FE2732D31DF8FC6A005FBA54 /* Main.storyboard */; };
		FE2732D71DF8FC6A005FBA54 /* Assets.xcassets in Resources */ = {isa = PBXBuildFile; fileRef = FE2732D61DF8FC6A005FBA54 /* Assets.xcassets */; };
		FE2732DA1DF8FC6A005FBA54 /* LaunchScreen.storyboard in Resources */ = {isa = PBXBuildFile; fileRef = FE2732D81DF8FC6A005FBA54 /* LaunchScreen.storyboard */; };
		FE2732E31DF8FC9D005FBA54 /* Honda.m in Sources */ = {isa = PBXBuildFile; fileRef = FE2732E21DF8FC9D005FBA54 /* Honda.m */; };
		FE2732E61DF8FD9F005FBA54 /* Honda+SupedUp.m in Sources */ = {isa = PBXBuildFile; fileRef = FE2732E51DF8FD9F005FBA54 /* Honda+SupedUp.m */; };
/* End PBXBuildFile section */

/* Begin PBXFileReference section */
		FE2732C71DF8FC6A005FBA54 /* Obj-C - Catagories.app */ = {isa = PBXFileReference; explicitFileType = wrapper.application; includeInIndex = 0; path = "Obj-C - Catagories.app"; sourceTree = BUILT_PRODUCTS_DIR; };
		FE2732CB1DF8FC6A005FBA54 /* main.m */ = {isa = PBXFileReference; lastKnownFileType = sourcecode.c.objc; path = main.m; sourceTree = "<group>"; };
		FE2732CD1DF8FC6A005FBA54 /* AppDelegate.h */ = {isa = PBXFileReference; lastKnownFileType = sourcecode.c.h; path = AppDelegate.h; sourceTree = "<group>"; };
		FE2732CE1DF8FC6A005FBA54 /* AppDelegate.m */ = {isa = PBXFileReference; lastKnownFileType = sourcecode.c.objc; path = AppDelegate.m; sourceTree = "<group>"; };
		FE2732D01DF8FC6A005FBA54 /* ViewController.h */ = {isa = PBXFileReference; lastKnownFileType = sourcecode.c.h; path = ViewController.h; sourceTree = "<group>"; };
		FE2732D11DF8FC6A005FBA54 /* ViewController.m */ = {isa = PBXFileReference; lastKnownFileType = sourcecode.c.objc; path = ViewController.m; sourceTree = "<group>"; };
		FE2732D41DF8FC6A005FBA54 /* Base */ = {isa = PBXFileReference; lastKnownFileType = file.storyboard; name = Base; path = Base.lproj/Main.storyboard; sourceTree = "<group>"; };
		FE2732D61DF8FC6A005FBA54 /* Assets.xcassets */ = {isa = PBXFileReference; lastKnownFileType = folder.assetcatalog; path = Assets.xcassets; sourceTree = "<group>"; };
		FE2732D91DF8FC6A005FBA54 /* Base */ = {isa = PBXFileReference; lastKnownFileType = file.storyboard; name = Base; path = Base.lproj/LaunchScreen.storyboard; sourceTree = "<group>"; };
		FE2732DB1DF8FC6A005FBA54 /* Info.plist */ = {isa = PBXFileReference; lastKnownFileType = text.plist.xml; path = Info.plist; sourceTree = "<group>"; };
		FE2732E11DF8FC9D005FBA54 /* Honda.h */ = {isa = PBXFileReference; fileEncoding = 4; lastKnownFileType = sourcecode.c.h; path = Honda.h; sourceTree = "<group>"; };
		FE2732E21DF8FC9D005FBA54 /* Honda.m */ = {isa = PBXFileReference; fileEncoding = 4; lastKnownFileType = sourcecode.c.objc; path = Honda.m; sourceTree = "<group>"; };
		FE2732E41DF8FD9F005FBA54 /* Honda+SupedUp.h */ = {isa = PBXFileReference; fileEncoding = 4; lastKnownFileType = sourcecode.c.h; path = "Honda+SupedUp.h"; sourceTree = "<group>"; };
		FE2732E51DF8FD9F005FBA54 /* Honda+SupedUp.m */ = {isa = PBXFileReference; fileEncoding = 4; lastKnownFileType = sourcecode.c.objc; path = "Honda+SupedUp.m"; sourceTree = "<group>"; };
/* End PBXFileReference section */

/* Begin PBXFrameworksBuildPhase section */
		FE2732C41DF8FC6A005FBA54 /* Frameworks */ = {
			isa = PBXFrameworksBuildPhase;
			buildActionMask = 2147483647;
			files = (
			);
			runOnlyForDeploymentPostprocessing = 0;
		};
/* End PBXFrameworksBuildPhase section */

/* Begin PBXGroup section */
		FE2732BE1DF8FC6A005FBA54 = {
			isa = PBXGroup;
			children = (
				FE2732C91DF8FC6A005FBA54 /* Obj-C - Catagories */,
				FE2732C81DF8FC6A005FBA54 /* Products */,
			);
			sourceTree = "<group>";
		};
		FE2732C81DF8FC6A005FBA54 /* Products */ = {
			isa = PBXGroup;
			children = (
				FE2732C71DF8FC6A005FBA54 /* Obj-C - Catagories.app */,
			);
			name = Products;
			sourceTree = "<group>";
		};
		FE2732C91DF8FC6A005FBA54 /* Obj-C - Catagories */ = {
			isa = PBXGroup;
			children = (
				FE2732CD1DF8FC6A005FBA54 /* AppDelegate.h */,
				FE2732CE1DF8FC6A005FBA54 /* AppDelegate.m */,
				FE2732D01DF8FC6A005FBA54 /* ViewController.h */,
				FE2732D11DF8FC6A005FBA54 /* ViewController.m */,
				FE2732D31DF8FC6A005FBA54 /* Main.storyboard */,
				FE2732D61DF8FC6A005FBA54 /* Assets.xcassets */,
				FE2732D81DF8FC6A005FBA54 /* LaunchScreen.storyboard */,
				FE2732DB1DF8FC6A005FBA54 /* Info.plist */,
				FE2732CA1DF8FC6A005FBA54 /* Supporting Files */,
				FE2732E11DF8FC9D005FBA54 /* Honda.h */,
				FE2732E21DF8FC9D005FBA54 /* Honda.m */,
				FE2732E41DF8FD9F005FBA54 /* Honda+SupedUp.h */,
				FE2732E51DF8FD9F005FBA54 /* Honda+SupedUp.m */,
			);
			path = "Obj-C - Catagories";
			sourceTree = "<group>";
		};
		FE2732CA1DF8FC6A005FBA54 /* Supporting Files */ = {
			isa = PBXGroup;
			children = (
				FE2732CB1DF8FC6A005FBA54 /* main.m */,
			);
			name = "Supporting Files";
			sourceTree = "<group>";
		};
/* End PBXGroup section */

/* Begin PBXNativeTarget section */
		FE2732C61DF8FC6A005FBA54 /* Obj-C - Catagories */ = {
			isa = PBXNativeTarget;
			buildConfigurationList = FE2732DE1DF8FC6A005FBA54 /* Build configuration list for PBXNativeTarget "Obj-C - Catagories" */;
			buildPhases = (
				FE2732C31DF8FC6A005FBA54 /* Sources */,
				FE2732C41DF8FC6A005FBA54 /* Frameworks */,
				FE2732C51DF8FC6A005FBA54 /* Resources */,
			);
			buildRules = (
			);
			dependencies = (
			);
			name = "Obj-C - Catagories";
			productName = "Obj-C - Catagories";
			productReference = FE2732C71DF8FC6A005FBA54 /* Obj-C - Catagories.app */;
			productType = "com.apple.product-type.application";
		};
/* End PBXNativeTarget section */

/* Begin PBXProject section */
		FE2732BF1DF8FC6A005FBA54 /* Project object */ = {
			isa = PBXProject;
			attributes = {
				LastUpgradeCheck = 0810;
				ORGANIZATIONNAME = PomHaffs;
				TargetAttributes = {
					FE2732C61DF8FC6A005FBA54 = {
						CreatedOnToolsVersion = 8.1;
						DevelopmentTeam = 37N4597A88;
						ProvisioningStyle = Automatic;
					};
				};
			};
			buildConfigurationList = FE2732C21DF8FC6A005FBA54 /* Build configuration list for PBXProject "Obj-C - Catagories" */;
			compatibilityVersion = "Xcode 3.2";
			developmentRegion = English;
			hasScannedForEncodings = 0;
			knownRegions = (
				en,
				Base,
			);
			mainGroup = FE2732BE1DF8FC6A005FBA54;
			productRefGroup = FE2732C81DF8FC6A005FBA54 /* Products */;
			projectDirPath = "";
			projectRoot = "";
			targets = (
				FE2732C61DF8FC6A005FBA54 /* Obj-C - Catagories */,
			);
		};
/* End PBXProject section */

/* Begin PBXResourcesBuildPhase section */
		FE2732C51DF8FC6A005FBA54 /* Resources */ = {
			isa = PBXResourcesBuildPhase;
			buildActionMask = 2147483647;
			files = (
				FE2732DA1DF8FC6A005FBA54 /* LaunchScreen.storyboard in Resources */,
				FE2732D71DF8FC6A005FBA54 /* Assets.xcassets in Resources */,
				FE2732D51DF8FC6A005FBA54 /* Main.storyboard in Resources */,
			);
			runOnlyForDeploymentPostprocessing = 0;
		};
/* End PBXResourcesBuildPhase section */

/* Begin PBXSourcesBuildPhase section */
		FE2732C31DF8FC6A005FBA54 /* Sources */ = {
			isa = PBXSourcesBuildPhase;
			buildActionMask = 2147483647;
			files = (
				FE2732E31DF8FC9D005FBA54 /* Honda.m in Sources */,
				FE2732D21DF8FC6A005FBA54 /* ViewController.m in Sources */,
				FE2732CF1DF8FC6A005FBA54 /* AppDelegate.m in Sources */,
				FE2732E61DF8FD9F005FBA54 /* Honda+SupedUp.m in Sources */,
				FE2732CC1DF8FC6A005FBA54 /* main.m in Sources */,
			);
			runOnlyForDeploymentPostprocessing = 0;
		};
/* End PBXSourcesBuildPhase section */

/* Begin PBXVariantGroup section */
		FE2732D31DF8FC6A005FBA54 /* Main.storyboard */ = {
			isa = PBXVariantGroup;
			children = (
				FE2732D41DF8FC6A005FBA54 /* Base */,
			);
			name = Main.storyboard;
			sourceTree = "<group>";
		};
		FE2732D81DF8FC6A005FBA54 /* LaunchScreen.storyboard */ = {
			isa = PBXVariantGroup;
			children = (
				FE2732D91DF8FC6A005FBA54 /* Base */,
			);
			name = LaunchScreen.storyboard;
			sourceTree = "<group>";
		};
/* End PBXVariantGroup section */

/* Begin XCBuildConfiguration section */
		FE2732DC1DF8FC6A005FBA54 /* Debug */ = {
			isa = XCBuildConfiguration;
			buildSettings = {
				ALWAYS_SEARCH_USER_PATHS = NO;
				CLANG_ANALYZER_NONNULL = YES;
				CLANG_CXX_LANGUAGE_STANDARD = "gnu++0x";
				CLANG_CXX_LIBRARY = "libc++";
				CLANG_ENABLE_MODULES = YES;
				CLANG_ENABLE_OBJC_ARC = YES;
				CLANG_WARN_BOOL_CONVERSION = YES;
				CLANG_WARN_CONSTANT_CONVERSION = YES;
				CLANG_WARN_DIRECT_OBJC_ISA_USAGE = YES_ERROR;
				CLANG_WARN_DOCUMENTATION_COMMENTS = YES;
				CLANG_WARN_EMPTY_BODY = YES;
				CLANG_WARN_ENUM_CONVERSION = YES;
				CLANG_WARN_INFINITE_RECURSION = YES;
				CLANG_WARN_INT_CONVERSION = YES;
				CLANG_WARN_OBJC_ROOT_CLASS = YES_ERROR;
				CLANG_WARN_SUSPICIOUS_MOVES = YES;
				CLANG_WARN_UNREACHABLE_CODE = YES;
				CLANG_WARN__DUPLICATE_METHOD_MATCH = YES;
				"CODE_SIGN_IDENTITY[sdk=iphoneos*]" = "iPhone Developer";
				COPY_PHASE_STRIP = NO;
				DEBUG_INFORMATION_FORMAT = dwarf;
				ENABLE_STRICT_OBJC_MSGSEND = YES;
				ENABLE_TESTABILITY = YES;
				GCC_C_LANGUAGE_STANDARD = gnu99;
				GCC_DYNAMIC_NO_PIC = NO;
				GCC_NO_COMMON_BLOCKS = YES;
				GCC_OPTIMIZATION_LEVEL = 0;
				GCC_PREPROCESSOR_DEFINITIONS = (
					"DEBUG=1",
					"$(inherited)",
				);
				GCC_WARN_64_TO_32_BIT_CONVERSION = YES;
				GCC_WARN_ABOUT_RETURN_TYPE = YES_ERROR;
				GCC_WARN_UNDECLARED_SELECTOR = YES;
				GCC_WARN_UNINITIALIZED_AUTOS = YES_AGGRESSIVE;
				GCC_WARN_UNUSED_FUNCTION = YES;
				GCC_WARN_UNUSED_VARIABLE = YES;
				IPHONEOS_DEPLOYMENT_TARGET = 10.1;
				MTL_ENABLE_DEBUG_INFO = YES;
				ONLY_ACTIVE_ARCH = YES;
				SDKROOT = iphoneos;
				TARGETED_DEVICE_FAMILY = "1,2";
			};
			name = Debug;
		};
		FE2732DD1DF8FC6A005FBA54 /* Release */ = {
			isa = XCBuildConfiguration;
			buildSettings = {
				ALWAYS_SEARCH_USER_PATHS = NO;
				CLANG_ANALYZER_NONNULL = YES;
				CLANG_CXX_LANGUAGE_STANDARD = "gnu++0x";
				CLANG_CXX_LIBRARY = "libc++";
				CLANG_ENABLE_MODULES = YES;
				CLANG_ENABLE_OBJC_ARC = YES;
				CLANG_WARN_BOOL_CONVERSION = YES;
				CLANG_WARN_CONSTANT_CONVERSION = YES;
				CLANG_WARN_DIRECT_OBJC_ISA_USAGE = YES_ERROR;
				CLANG_WARN_DOCUMENTATION_COMMENTS = YES;
				CLANG_WARN_EMPTY_BODY = YES;
				CLANG_WARN_ENUM_CONVERSION = YES;
				CLANG_WARN_INFINITE_RECURSION = YES;
				CLANG_WARN_INT_CONVERSION = YES;
				CLANG_WARN_OBJC_ROOT_CLASS = YES_ERROR;
				CLANG_WARN_SUSPICIOUS_MOVES = YES;
				CLANG_WARN_UNREACHABLE_CODE = YES;
				CLANG_WARN__DUPLICATE_METHOD_MATCH = YES;
				"CODE_SIGN_IDENTITY[sdk=iphoneos*]" = "iPhone Developer";
				COPY_PHASE_STRIP = NO;
				DEBUG_INFORMATION_FORMAT = "dwarf-with-dsym";
				ENABLE_NS_ASSERTIONS = NO;
				ENABLE_STRICT_OBJC_MSGSEND = YES;
				GCC_C_LANGUAGE_STANDARD = gnu99;
				GCC_NO_COMMON_BLOCKS = YES;
				GCC_WARN_64_TO_32_BIT_CONVERSION = YES;
				GCC_WARN_ABOUT_RETURN_TYPE = YES_ERROR;
				GCC_WARN_UNDECLARED_SELECTOR = YES;
				GCC_WARN_UNINITIALIZED_AUTOS = YES_AGGRESSIVE;
				GCC_WARN_UNUSED_FUNCTION = YES;
				GCC_WARN_UNUSED_VARIABLE = YES;
				IPHONEOS_DEPLOYMENT_TARGET = 10.1;
				MTL_ENABLE_DEBUG_INFO = NO;
				SDKROOT = iphoneos;
				TARGETED_DEVICE_FAMILY = "1,2";
				VALIDATE_PRODUCT = YES;
			};
			name = Release;
		};
		FE2732DF1DF8FC6A005FBA54 /* Debug */ = {
			isa = XCBuildConfiguration;
			buildSettings = {
				ASSETCATALOG_COMPILER_APPICON_NAME = AppIcon;
				DEVELOPMENT_TEAM = 37N4597A88;
				INFOPLIST_FILE = "Obj-C - Catagories/Info.plist";
				LD_RUNPATH_SEARCH_PATHS = "$(inherited) @executable_path/Frameworks";
				PRODUCT_BUNDLE_IDENTIFIER = "PomHaffs.Obj-C---Catagories";
				PRODUCT_NAME = "$(TARGET_NAME)";
			};
			name = Debug;
		};
		FE2732E01DF8FC6A005FBA54 /* Release */ = {
			isa = XCBuildConfiguration;
			buildSettings = {
				ASSETCATALOG_COMPILER_APPICON_NAME = AppIcon;
				DEVELOPMENT_TEAM = 37N4597A88;
				INFOPLIST_FILE = "Obj-C - Catagories/Info.plist";
				LD_RUNPATH_SEARCH_PATHS = "$(inherited) @executable_path/Frameworks";
				PRODUCT_BUNDLE_IDENTIFIER = "PomHaffs.Obj-C---Catagories";
				PRODUCT_NAME = "$(TARGET_NAME)";
			};
			name = Release;
		};
/* End XCBuildConfiguration section */

/* Begin XCConfigurationList section */
		FE2732C21DF8FC6A005FBA54 /* Build configuration list for PBXProject "Obj-C - Catagories" */ = {
			isa = XCConfigurationList;
			buildConfigurations = (
				FE2732DC1DF8FC6A005FBA54 /* Debug */,
				FE2732DD1DF8FC6A005FBA54 /* Release */,
			);
			defaultConfigurationIsVisible = 0;
			defaultConfigurationName = Release;
		};
		FE2732DE1DF8FC6A005FBA54 /* Build configuration list for PBXNativeTarget "Obj-C - Catagories" */ = {
			isa = XCConfigurationList;
			buildConfigurations = (
				FE2732DF1DF8FC6A005FBA54 /* Debug */,
				FE2732E01DF8FC6A005FBA54 /* Release */,
			);
			defaultConfigurationIsVisible = 0;
		};
/* End XCConfigurationList section */
	};
	rootObject = FE2732BF1DF8FC6A005FBA54 /* Project object */;
}
